
Microsoft Visual Studio Solution File, Format Version 12.00
# Visual Studio Version 17
VisualStudioVersion = 17.2.32630.192
MinimumVisualStudioVersion = 10.0.40219.1
Project("{8BC9CEB8-8B4A-11D0-8D11-00A0C91BC942}") = "TrecLib", "TrecLib\TrecLib.vcxproj", "{08ABAA05-EE9E-4C55-9E7D-9049268F8427}"
EndProject
Project("{8BC9CEB8-8B4A-11D0-8D11-00A0C91BC942}") = "TcGraph", "TcGraph\TcGraph.vcxproj", "{3C42CA11-51F0-4334-8672-5F2F75950CCF}"
	ProjectSection(ProjectDependencies) = postProject
		{08ABAA05-EE9E-4C55-9E7D-9049268F8427} = {08ABAA05-EE9E-4C55-9E7D-9049268F8427}
	EndProjectSection
EndProject
Project("{8BC9CEB8-8B4A-11D0-8D11-00A0C91BC942}") = "AnaCode", "AnaCode\AnaCode.vcxproj", "{D09769B3-6BBB-4C81-A0E8-7216B5800226}"
	ProjectSection(ProjectDependencies) = postProject
		{08ABAA05-EE9E-4C55-9E7D-9049268F8427} = {08ABAA05-EE9E-4C55-9E7D-9049268F8427}
	EndProjectSection
EndProject
Project("{8BC9CEB8-8B4A-11D0-8D11-00A0C91BC942}") = "AnaApp", "AnaApp\AnaApp.vcxproj", "{D71B6652-AAD3-4089-9F9C-8747D7CCB38C}"
	ProjectSection(ProjectDependencies) = postProject
		{08ABAA05-EE9E-4C55-9E7D-9049268F8427} = {08ABAA05-EE9E-4C55-9E7D-9049268F8427}
		{3C42CA11-51F0-4334-8672-5F2F75950CCF} = {3C42CA11-51F0-4334-8672-5F2F75950CCF}
		{654DB2FD-67D3-4996-86DA-7063DE6E2843} = {654DB2FD-67D3-4996-86DA-7063DE6E2843}
		{D09769B3-6BBB-4C81-A0E8-7216B5800226} = {D09769B3-6BBB-4C81-A0E8-7216B5800226}
	EndProjectSection
EndProject
Project("{8BC9CEB8-8B4A-11D0-8D11-00A0C91BC942}") = "Anagame-Central", "Anagame-Central\Anagame-Central.vcxproj", "{0DAB0625-3948-4529-A3E6-8B16DE82E0C7}"
	ProjectSection(ProjectDependencies) = postProject
		{08ABAA05-EE9E-4C55-9E7D-9049268F8427} = {08ABAA05-EE9E-4C55-9E7D-9049268F8427}
		{3C42CA11-51F0-4334-8672-5F2F75950CCF} = {3C42CA11-51F0-4334-8672-5F2F75950CCF}
		{654DB2FD-67D3-4996-86DA-7063DE6E2843} = {654DB2FD-67D3-4996-86DA-7063DE6E2843}
		{D09769B3-6BBB-4C81-A0E8-7216B5800226} = {D09769B3-6BBB-4C81-A0E8-7216B5800226}
		{D71B6652-AAD3-4089-9F9C-8747D7CCB38C} = {D71B6652-AAD3-4089-9F9C-8747D7CCB38C}
	EndProjectSection
EndProject
Project("{8BC9CEB8-8B4A-11D0-8D11-00A0C91BC942}") = "AnaWidget", "AnaWidget\AnaWidget.vcxproj", "{654DB2FD-67D3-4996-86DA-7063DE6E2843}"
	ProjectSection(ProjectDependencies) = postProject
		{08ABAA05-EE9E-4C55-9E7D-9049268F8427} = {08ABAA05-EE9E-4C55-9E7D-9049268F8427}
		{3C42CA11-51F0-4334-8672-5F2F75950CCF} = {3C42CA11-51F0-4334-8672-5F2F75950CCF}
	EndProjectSection
EndProject
Project("{8BC9CEB8-8B4A-11D0-8D11-00A0C91BC942}") = "Anagame-Builder", "Anagame-Builder\Anagame-Builder.vcxproj", "{A9502428-1E1B-401B-B4C5-FCE692D8D68B}"
	ProjectSection(ProjectDependencies) = postProject
		{08ABAA05-EE9E-4C55-9E7D-9049268F8427} = {08ABAA05-EE9E-4C55-9E7D-9049268F8427}
		{3C42CA11-51F0-4334-8672-5F2F75950CCF} = {3C42CA11-51F0-4334-8672-5F2F75950CCF}
		{654DB2FD-67D3-4996-86DA-7063DE6E2843} = {654DB2FD-67D3-4996-86DA-7063DE6E2843}
		{9D7DFD49-A031-4703-9BC0-49EA5E10B9C2} = {9D7DFD49-A031-4703-9BC0-49EA5E10B9C2}
		{D09769B3-6BBB-4C81-A0E8-7216B5800226} = {D09769B3-6BBB-4C81-A0E8-7216B5800226}
		{D71B6652-AAD3-4089-9F9C-8747D7CCB38C} = {D71B6652-AAD3-4089-9F9C-8747D7CCB38C}
	EndProjectSection
EndProject
Project("{8BC9CEB8-8B4A-11D0-8D11-00A0C91BC942}") = "Lib_AnagameCodeEx", "Lib_AnagameCodeEx\Lib_AnagameCodeEx.vcxproj", "{9D7DFD49-A031-4703-9BC0-49EA5E10B9C2}"
EndProject
Global
	GlobalSection(SolutionConfigurationPlatforms) = preSolution
		Debug|x64 = Debug|x64
		Debug|x86 = Debug|x86
		Release|x64 = Release|x64
		Release|x86 = Release|x86
	EndGlobalSection
	GlobalSection(ProjectConfigurationPlatforms) = postSolution
		{08ABAA05-EE9E-4C55-9E7D-9049268F8427}.Debug|x64.ActiveCfg = Debug|x64
		{08ABAA05-EE9E-4C55-9E7D-9049268F8427}.Debug|x64.Build.0 = Debug|x64
		{08ABAA05-EE9E-4C55-9E7D-9049268F8427}.Debug|x86.ActiveCfg = Debug|Win32
		{08ABAA05-EE9E-4C55-9E7D-9049268F8427}.Debug|x86.Build.0 = Debug|Win32
		{08ABAA05-EE9E-4C55-9E7D-9049268F8427}.Release|x64.ActiveCfg = Release|x64
		{08ABAA05-EE9E-4C55-9E7D-9049268F8427}.Release|x64.Build.0 = Release|x64
		{08ABAA05-EE9E-4C55-9E7D-9049268F8427}.Release|x86.ActiveCfg = Release|Win32
		{08ABAA05-EE9E-4C55-9E7D-9049268F8427}.Release|x86.Build.0 = Release|Win32
		{3C42CA11-51F0-4334-8672-5F2F75950CCF}.Debug|x64.ActiveCfg = Debug|x64
		{3C42CA11-51F0-4334-8672-5F2F75950CCF}.Debug|x64.Build.0 = Debug|x64
		{3C42CA11-51F0-4334-8672-5F2F75950CCF}.Debug|x86.ActiveCfg = Debug|Win32
		{3C42CA11-51F0-4334-8672-5F2F75950CCF}.Debug|x86.Build.0 = Debug|Win32
		{3C42CA11-51F0-4334-8672-5F2F75950CCF}.Release|x64.ActiveCfg = Release|x64
		{3C42CA11-51F0-4334-8672-5F2F75950CCF}.Release|x64.Build.0 = Release|x64
		{3C42CA11-51F0-4334-8672-5F2F75950CCF}.Release|x86.ActiveCfg = Release|Win32
		{3C42CA11-51F0-4334-8672-5F2F75950CCF}.Release|x86.Build.0 = Release|Win32
		{D09769B3-6BBB-4C81-A0E8-7216B5800226}.Debug|x64.ActiveCfg = Debug|x64
		{D09769B3-6BBB-4C81-A0E8-7216B5800226}.Debug|x64.Build.0 = Debug|x64
		{D09769B3-6BBB-4C81-A0E8-7216B5800226}.Debug|x86.ActiveCfg = Debug|Win32
		{D09769B3-6BBB-4C81-A0E8-7216B5800226}.Debug|x86.Build.0 = Debug|Win32
		{D09769B3-6BBB-4C81-A0E8-7216B5800226}.Release|x64.ActiveCfg = Release|x64
		{D09769B3-6BBB-4C81-A0E8-7216B5800226}.Release|x64.Build.0 = Release|x64
		{D09769B3-6BBB-4C81-A0E8-7216B5800226}.Release|x86.ActiveCfg = Release|Win32
		{D09769B3-6BBB-4C81-A0E8-7216B5800226}.Release|x86.Build.0 = Release|Win32
		{D71B6652-AAD3-4089-9F9C-8747D7CCB38C}.Debug|x64.ActiveCfg = Debug|x64
		{D71B6652-AAD3-4089-9F9C-8747D7CCB38C}.Debug|x64.Build.0 = Debug|x64
		{D71B6652-AAD3-4089-9F9C-8747D7CCB38C}.Debug|x86.ActiveCfg = Debug|Win32
		{D71B6652-AAD3-4089-9F9C-8747D7CCB38C}.Debug|x86.Build.0 = Debug|Win32
		{D71B6652-AAD3-4089-9F9C-8747D7CCB38C}.Release|x64.ActiveCfg = Release|x64
		{D71B6652-AAD3-4089-9F9C-8747D7CCB38C}.Release|x64.Build.0 = Release|x64
		{D71B6652-AAD3-4089-9F9C-8747D7CCB38C}.Release|x86.ActiveCfg = Release|Win32
		{D71B6652-AAD3-4089-9F9C-8747D7CCB38C}.Release|x86.Build.0 = Release|Win32
		{0DAB0625-3948-4529-A3E6-8B16DE82E0C7}.Debug|x64.ActiveCfg = Debug|x64
		{0DAB0625-3948-4529-A3E6-8B16DE82E0C7}.Debug|x64.Build.0 = Debug|x64
		{0DAB0625-3948-4529-A3E6-8B16DE82E0C7}.Debug|x86.ActiveCfg = Debug|Win32
		{0DAB0625-3948-4529-A3E6-8B16DE82E0C7}.Debug|x86.Build.0 = Debug|Win32
		{0DAB0625-3948-4529-A3E6-8B16DE82E0C7}.Release|x64.ActiveCfg = Release|x64
		{0DAB0625-3948-4529-A3E6-8B16DE82E0C7}.Release|x64.Build.0 = Release|x64
		{0DAB0625-3948-4529-A3E6-8B16DE82E0C7}.Release|x86.ActiveCfg = Release|Win32
		{0DAB0625-3948-4529-A3E6-8B16DE82E0C7}.Release|x86.Build.0 = Release|Win32
		{654DB2FD-67D3-4996-86DA-7063DE6E2843}.Debug|x64.ActiveCfg = Debug|x64
		{654DB2FD-67D3-4996-86DA-7063DE6E2843}.Debug|x64.Build.0 = Debug|x64
		{654DB2FD-67D3-4996-86DA-7063DE6E2843}.Debug|x86.ActiveCfg = Debug|Win32
		{654DB2FD-67D3-4996-86DA-7063DE6E2843}.Debug|x86.Build.0 = Debug|Win32
		{654DB2FD-67D3-4996-86DA-7063DE6E2843}.Release|x64.ActiveCfg = Release|x64
		{654DB2FD-67D3-4996-86DA-7063DE6E2843}.Release|x64.Build.0 = Release|x64
		{654DB2FD-67D3-4996-86DA-7063DE6E2843}.Release|x86.ActiveCfg = Release|Win32
		{654DB2FD-67D3-4996-86DA-7063DE6E2843}.Release|x86.Build.0 = Release|Win32
		{A9502428-1E1B-401B-B4C5-FCE692D8D68B}.Debug|x64.ActiveCfg = Debug|x64
		{A9502428-1E1B-401B-B4C5-FCE692D8D68B}.Debug|x64.Build.0 = Debug|x64
		{A9502428-1E1B-401B-B4C5-FCE692D8D68B}.Debug|x86.ActiveCfg = Debug|Win32
		{A9502428-1E1B-401B-B4C5-FCE692D8D68B}.Debug|x86.Build.0 = Debug|Win32
		{A9502428-1E1B-401B-B4C5-FCE692D8D68B}.Release|x64.ActiveCfg = Release|x64
		{A9502428-1E1B-401B-B4C5-FCE692D8D68B}.Release|x64.Build.0 = Release|x64
		{A9502428-1E1B-401B-B4C5-FCE692D8D68B}.Release|x86.ActiveCfg = Release|Win32
		{A9502428-1E1B-401B-B4C5-FCE692D8D68B}.Release|x86.Build.0 = Release|Win32
		{9D7DFD49-A031-4703-9BC0-49EA5E10B9C2}.Debug|x64.ActiveCfg = Debug|x64
		{9D7DFD49-A031-4703-9BC0-49EA5E10B9C2}.Debug|x64.Build.0 = Debug|x64
		{9D7DFD49-A031-4703-9BC0-49EA5E10B9C2}.Debug|x86.ActiveCfg = Debug|Win32
		{9D7DFD49-A031-4703-9BC0-49EA5E10B9C2}.Debug|x86.Build.0 = Debug|Win32
		{9D7DFD49-A031-4703-9BC0-49EA5E10B9C2}.Release|x64.ActiveCfg = Release|x64
		{9D7DFD49-A031-4703-9BC0-49EA5E10B9C2}.Release|x64.Build.0 = Release|x64
		{9D7DFD49-A031-4703-9BC0-49EA5E10B9C2}.Release|x86.ActiveCfg = Release|Win32
		{9D7DFD49-A031-4703-9BC0-49EA5E10B9C2}.Release|x86.Build.0 = Release|Win32
	EndGlobalSection
	GlobalSection(SolutionProperties) = preSolution
		HideSolutionNode = FALSE
	EndGlobalSection
	GlobalSection(ExtensibilityGlobals) = postSolution
		SolutionGuid = {05FCBE7F-E87F-4E4A-B9FA-4DF7D0331FDB}
	EndGlobalSection
EndGlobal
